// !$*UTF8*$!
{
	archiveVersion = 1;
	classes = {
	};
	objectVersion = 50;
	objects = {

/* Begin PBXBuildFile section */
		84BC6D7625091668000DA94A /* AppDelegate.swift in Sources */ = {isa = PBXBuildFile; fileRef = 84BC6D7525091668000DA94A /* AppDelegate.swift */; };
		84BC6D7825091668000DA94A /* SceneDelegate.swift in Sources */ = {isa = PBXBuildFile; fileRef = 84BC6D7725091668000DA94A /* SceneDelegate.swift */; };
		84BC6D7A25091668000DA94A /* MainVC.swift in Sources */ = {isa = PBXBuildFile; fileRef = 84BC6D7925091668000DA94A /* MainVC.swift */; };
		84BC6D7D25091668000DA94A /* Main.storyboard in Resources */ = {isa = PBXBuildFile; fileRef = 84BC6D7B25091668000DA94A /* Main.storyboard */; };
		84BC6D8025091668000DA94A /* NicknameGeneratorU.xcdatamodeld in Sources */ = {isa = PBXBuildFile; fileRef = 84BC6D7E25091668000DA94A /* NicknameGeneratorU.xcdatamodeld */; };
		84BC6D8225091668000DA94A /* Assets.xcassets in Resources */ = {isa = PBXBuildFile; fileRef = 84BC6D8125091668000DA94A /* Assets.xcassets */; };
		84BC6D8525091668000DA94A /* LaunchScreen.storyboard in Resources */ = {isa = PBXBuildFile; fileRef = 84BC6D8325091668000DA94A /* LaunchScreen.storyboard */; };
		84BC6D9A25092012000DA94A /* Fonts.swift in Sources */ = {isa = PBXBuildFile; fileRef = 84BC6D9625092012000DA94A /* Fonts.swift */; };
		84BC6D9B25092012000DA94A /* Extensions+UIView.swift in Sources */ = {isa = PBXBuildFile; fileRef = 84BC6D9725092012000DA94A /* Extensions+UIView.swift */; };
		84BC6D9C25092012000DA94A /* Extension+UIColor.swift in Sources */ = {isa = PBXBuildFile; fileRef = 84BC6D9825092012000DA94A /* Extension+UIColor.swift */; };
		84BC6D9D25092012000DA94A /* Extension+String.swift in Sources */ = {isa = PBXBuildFile; fileRef = 84BC6D9925092012000DA94A /* Extension+String.swift */; };
		84BC6D9F25092029000DA94A /* StringGenerator.swift in Sources */ = {isa = PBXBuildFile; fileRef = 84BC6D9E25092029000DA94A /* StringGenerator.swift */; };
		84BC6DAB250926F8000DA94A /* NGButton.swift in Sources */ = {isa = PBXBuildFile; fileRef = 84BC6DAA250926F8000DA94A /* NGButton.swift */; };
		84BC6DAD250931F2000DA94A /* NGTextField.swift in Sources */ = {isa = PBXBuildFile; fileRef = 84BC6DAC250931F2000DA94A /* NGTextField.swift */; };
		84E34E522509D00500766737 /* SettingsView.swift in Sources */ = {isa = PBXBuildFile; fileRef = 84E34E512509D00500766737 /* SettingsView.swift */; };
		84E34E552509D04D00766737 /* NGLabel.swift in Sources */ = {isa = PBXBuildFile; fileRef = 84E34E542509D04D00766737 /* NGLabel.swift */; };
		84E34E572509D24100766737 /* NGSwitch.swift in Sources */ = {isa = PBXBuildFile; fileRef = 84E34E562509D24100766737 /* NGSwitch.swift */; };
		84E34E592509D86A00766737 /* NGStackView.swift in Sources */ = {isa = PBXBuildFile; fileRef = 84E34E582509D86A00766737 /* NGStackView.swift */; };
		84E34E5E2509EE3500766737 /* MainView.swift in Sources */ = {isa = PBXBuildFile; fileRef = 84E34E5D2509EE3500766737 /* MainView.swift */; };
		84E34E602509F0AC00766737 /* NGFavoriteStackView.swift in Sources */ = {isa = PBXBuildFile; fileRef = 84E34E5F2509F0AC00766737 /* NGFavoriteStackView.swift */; };
		84E34E63250A0B0400766737 /* SettingsVC.swift in Sources */ = {isa = PBXBuildFile; fileRef = 84E34E62250A0B0400766737 /* SettingsVC.swift */; };
		84E34E65250A8FA800766737 /* SettingsView2.swift in Sources */ = {isa = PBXBuildFile; fileRef = 84E34E64250A8FA800766737 /* SettingsView2.swift */; };
/* End PBXBuildFile section */

/* Begin PBXFileReference section */
		84BC6D7225091668000DA94A /* NicknameGeneratorU.app */ = {isa = PBXFileReference; explicitFileType = wrapper.application; includeInIndex = 0; path = NicknameGeneratorU.app; sourceTree = BUILT_PRODUCTS_DIR; };
		84BC6D7525091668000DA94A /* AppDelegate.swift */ = {isa = PBXFileReference; lastKnownFileType = sourcecode.swift; path = AppDelegate.swift; sourceTree = "<group>"; };
		84BC6D7725091668000DA94A /* SceneDelegate.swift */ = {isa = PBXFileReference; lastKnownFileType = sourcecode.swift; path = SceneDelegate.swift; sourceTree = "<group>"; };
		84BC6D7925091668000DA94A /* MainVC.swift */ = {isa = PBXFileReference; lastKnownFileType = sourcecode.swift; path = MainVC.swift; sourceTree = "<group>"; };
		84BC6D7C25091668000DA94A /* Base */ = {isa = PBXFileReference; lastKnownFileType = file.storyboard; name = Base; path = Base.lproj/Main.storyboard; sourceTree = "<group>"; };
		84BC6D7F25091668000DA94A /* NicknameGeneratorU.xcdatamodel */ = {isa = PBXFileReference; lastKnownFileType = wrapper.xcdatamodel; path = NicknameGeneratorU.xcdatamodel; sourceTree = "<group>"; };
		84BC6D8125091668000DA94A /* Assets.xcassets */ = {isa = PBXFileReference; lastKnownFileType = folder.assetcatalog; path = Assets.xcassets; sourceTree = "<group>"; };
		84BC6D8425091668000DA94A /* Base */ = {isa = PBXFileReference; lastKnownFileType = file.storyboard; name = Base; path = Base.lproj/LaunchScreen.storyboard; sourceTree = "<group>"; };
		84BC6D8625091668000DA94A /* Info.plist */ = {isa = PBXFileReference; lastKnownFileType = text.plist.xml; path = Info.plist; sourceTree = "<group>"; };
		84BC6D9625092012000DA94A /* Fonts.swift */ = {isa = PBXFileReference; fileEncoding = 4; lastKnownFileType = sourcecode.swift; path = Fonts.swift; sourceTree = "<group>"; };
		84BC6D9725092012000DA94A /* Extensions+UIView.swift */ = {isa = PBXFileReference; fileEncoding = 4; lastKnownFileType = sourcecode.swift; path = "Extensions+UIView.swift"; sourceTree = "<group>"; };
		84BC6D9825092012000DA94A /* Extension+UIColor.swift */ = {isa = PBXFileReference; fileEncoding = 4; lastKnownFileType = sourcecode.swift; path = "Extension+UIColor.swift"; sourceTree = "<group>"; };
		84BC6D9925092012000DA94A /* Extension+String.swift */ = {isa = PBXFileReference; fileEncoding = 4; lastKnownFileType = sourcecode.swift; path = "Extension+String.swift"; sourceTree = "<group>"; };
		84BC6D9E25092029000DA94A /* StringGenerator.swift */ = {isa = PBXFileReference; fileEncoding = 4; lastKnownFileType = sourcecode.swift; path = StringGenerator.swift; sourceTree = "<group>"; };
		84BC6DAA250926F8000DA94A /* NGButton.swift */ = {isa = PBXFileReference; lastKnownFileType = sourcecode.swift; path = NGButton.swift; sourceTree = "<group>"; };
		84BC6DAC250931F2000DA94A /* NGTextField.swift */ = {isa = PBXFileReference; lastKnownFileType = sourcecode.swift; path = NGTextField.swift; sourceTree = "<group>"; };
		84E34E512509D00500766737 /* SettingsView.swift */ = {isa = PBXFileReference; lastKnownFileType = sourcecode.swift; path = SettingsView.swift; sourceTree = "<group>"; };
		84E34E542509D04D00766737 /* NGLabel.swift */ = {isa = PBXFileReference; lastKnownFileType = sourcecode.swift; path = NGLabel.swift; sourceTree = "<group>"; };
		84E34E562509D24100766737 /* NGSwitch.swift */ = {isa = PBXFileReference; lastKnownFileType = sourcecode.swift; path = NGSwitch.swift; sourceTree = "<group>"; };
		84E34E582509D86A00766737 /* NGStackView.swift */ = {isa = PBXFileReference; lastKnownFileType = sourcecode.swift; path = NGStackView.swift; sourceTree = "<group>"; };
		84E34E5D2509EE3500766737 /* MainView.swift */ = {isa = PBXFileReference; lastKnownFileType = sourcecode.swift; path = MainView.swift; sourceTree = "<group>"; };
		84E34E5F2509F0AC00766737 /* NGFavoriteStackView.swift */ = {isa = PBXFileReference; lastKnownFileType = sourcecode.swift; path = NGFavoriteStackView.swift; sourceTree = "<group>"; };
		84E34E62250A0B0400766737 /* SettingsVC.swift */ = {isa = PBXFileReference; lastKnownFileType = sourcecode.swift; path = SettingsVC.swift; sourceTree = "<group>"; };
		84E34E64250A8FA800766737 /* SettingsView2.swift */ = {isa = PBXFileReference; lastKnownFileType = sourcecode.swift; path = SettingsView2.swift; sourceTree = "<group>"; };
/* End PBXFileReference section */

/* Begin PBXFrameworksBuildPhase section */
		84BC6D6F25091668000DA94A /* Frameworks */ = {
			isa = PBXFrameworksBuildPhase;
			buildActionMask = 2147483647;
			files = (
			);
			runOnlyForDeploymentPostprocessing = 0;
		};
/* End PBXFrameworksBuildPhase section */

/* Begin PBXGroup section */
		84BC6D6925091668000DA94A = {
			isa = PBXGroup;
			children = (
				84BC6D7425091668000DA94A /* NicknameGeneratorU */,
				84BC6D7325091668000DA94A /* Products */,
			);
			sourceTree = "<group>";
		};
		84BC6D7325091668000DA94A /* Products */ = {
			isa = PBXGroup;
			children = (
				84BC6D7225091668000DA94A /* NicknameGeneratorU.app */,
			);
			name = Products;
			sourceTree = "<group>";
		};
		84BC6D7425091668000DA94A /* NicknameGeneratorU */ = {
			isa = PBXGroup;
			children = (
				84E34E61250A0AED00766737 /* Controllers */,
				84BC6DA225092090000DA94A /* ViewModel */,
				84BC6DA125092083000DA94A /* Model */,
				84BC6DA025092070000DA94A /* View */,
				84BC6D952509200B000DA94A /* Extension */,
				84BC6D7525091668000DA94A /* AppDelegate.swift */,
				84BC6D7725091668000DA94A /* SceneDelegate.swift */,
				84BC6D7B25091668000DA94A /* Main.storyboard */,
				84BC6D8125091668000DA94A /* Assets.xcassets */,
				84BC6D8325091668000DA94A /* LaunchScreen.storyboard */,
				84BC6D8625091668000DA94A /* Info.plist */,
				84BC6D7E25091668000DA94A /* NicknameGeneratorU.xcdatamodeld */,
			);
			path = NicknameGeneratorU;
			sourceTree = "<group>";
		};
		84BC6D952509200B000DA94A /* Extension */ = {
			isa = PBXGroup;
			children = (
				84BC6D9925092012000DA94A /* Extension+String.swift */,
				84BC6D9825092012000DA94A /* Extension+UIColor.swift */,
				84BC6D9725092012000DA94A /* Extensions+UIView.swift */,
				84BC6D9625092012000DA94A /* Fonts.swift */,
			);
			path = Extension;
			sourceTree = "<group>";
		};
		84BC6DA025092070000DA94A /* View */ = {
			isa = PBXGroup;
			children = (
				84E34E5C2509EE2600766737 /* MainView */,
				84BC6DA525092663000DA94A /* SettingsView */,
				84E34E582509D86A00766737 /* NGStackView.swift */,
				84BC6DAA250926F8000DA94A /* NGButton.swift */,
				84BC6DAC250931F2000DA94A /* NGTextField.swift */,
				84E34E542509D04D00766737 /* NGLabel.swift */,
				84E34E562509D24100766737 /* NGSwitch.swift */,
				84E34E5F2509F0AC00766737 /* NGFavoriteStackView.swift */,
			);
			path = View;
			sourceTree = "<group>";
		};
		84BC6DA125092083000DA94A /* Model */ = {
			isa = PBXGroup;
			children = (
				84BC6D9E25092029000DA94A /* StringGenerator.swift */,
			);
			path = Model;
			sourceTree = "<group>";
		};
		84BC6DA225092090000DA94A /* ViewModel */ = {
			isa = PBXGroup;
			children = (
			);
			path = ViewModel;
			sourceTree = "<group>";
		};
		84BC6DA525092663000DA94A /* SettingsView */ = {
			isa = PBXGroup;
			children = (
				84E34E512509D00500766737 /* SettingsView.swift */,
				84E34E64250A8FA800766737 /* SettingsView2.swift */,
			);
			path = SettingsView;
			sourceTree = "<group>";
		};
		84E34E5C2509EE2600766737 /* MainView */ = {
			isa = PBXGroup;
			children = (
				84E34E5D2509EE3500766737 /* MainView.swift */,
			);
			path = MainView;
			sourceTree = "<group>";
		};
		84E34E61250A0AED00766737 /* Controllers */ = {
			isa = PBXGroup;
			children = (
				84BC6D7925091668000DA94A /* MainVC.swift */,
				84E34E62250A0B0400766737 /* SettingsVC.swift */,
			);
			path = Controllers;
			sourceTree = "<group>";
		};
/* End PBXGroup section */

/* Begin PBXNativeTarget section */
		84BC6D7125091668000DA94A /* NicknameGeneratorU */ = {
			isa = PBXNativeTarget;
			buildConfigurationList = 84BC6D8925091668000DA94A /* Build configuration list for PBXNativeTarget "NicknameGeneratorU" */;
			buildPhases = (
				84BC6D6E25091668000DA94A /* Sources */,
				84BC6D6F25091668000DA94A /* Frameworks */,
				84BC6D7025091668000DA94A /* Resources */,
			);
			buildRules = (
			);
			dependencies = (
			);
			name = NicknameGeneratorU;
			productName = NicknameGeneratorU;
			productReference = 84BC6D7225091668000DA94A /* NicknameGeneratorU.app */;
			productType = "com.apple.product-type.application";
		};
/* End PBXNativeTarget section */

/* Begin PBXProject section */
		84BC6D6A25091668000DA94A /* Project object */ = {
			isa = PBXProject;
			attributes = {
				LastSwiftUpdateCheck = 1170;
				LastUpgradeCheck = 1170;
				ORGANIZATIONNAME = "Batuhan Karababa";
				TargetAttributes = {
					84BC6D7125091668000DA94A = {
						CreatedOnToolsVersion = 11.7;
					};
				};
			};
			buildConfigurationList = 84BC6D6D25091668000DA94A /* Build configuration list for PBXProject "NicknameGeneratorU" */;
			compatibilityVersion = "Xcode 9.3";
			developmentRegion = en;
			hasScannedForEncodings = 0;
			knownRegions = (
				en,
				Base,
			);
			mainGroup = 84BC6D6925091668000DA94A;
			productRefGroup = 84BC6D7325091668000DA94A /* Products */;
			projectDirPath = "";
			projectRoot = "";
			targets = (
				84BC6D7125091668000DA94A /* NicknameGeneratorU */,
			);
		};
/* End PBXProject section */

/* Begin PBXResourcesBuildPhase section */
		84BC6D7025091668000DA94A /* Resources */ = {
			isa = PBXResourcesBuildPhase;
			buildActionMask = 2147483647;
			files = (
				84BC6D8525091668000DA94A /* LaunchScreen.storyboard in Resources */,
				84BC6D8225091668000DA94A /* Assets.xcassets in Resources */,
				84BC6D7D25091668000DA94A /* Main.storyboard in Resources */,
			);
			runOnlyForDeploymentPostprocessing = 0;
		};
/* End PBXResourcesBuildPhase section */

/* Begin PBXSourcesBuildPhase section */
		84BC6D6E25091668000DA94A /* Sources */ = {
			isa = PBXSourcesBuildPhase;
			buildActionMask = 2147483647;
			files = (
				84E34E63250A0B0400766737 /* SettingsVC.swift in Sources */,
				84BC6D9D25092012000DA94A /* Extension+String.swift in Sources */,
				84BC6D9F25092029000DA94A /* StringGenerator.swift in Sources */,
				84E34E592509D86A00766737 /* NGStackView.swift in Sources */,
				84BC6D7A25091668000DA94A /* MainVC.swift in Sources */,
				84BC6D9A25092012000DA94A /* Fonts.swift in Sources */,
				84E34E572509D24100766737 /* NGSwitch.swift in Sources */,
				84E34E602509F0AC00766737 /* NGFavoriteStackView.swift in Sources */,
				84BC6D9C25092012000DA94A /* Extension+UIColor.swift in Sources */,
				84BC6DAD250931F2000DA94A /* NGTextField.swift in Sources */,
				84BC6DAB250926F8000DA94A /* NGButton.swift in Sources */,
				84BC6D9B25092012000DA94A /* Extensions+UIView.swift in Sources */,
				84E34E5E2509EE3500766737 /* MainView.swift in Sources */,
				84E34E552509D04D00766737 /* NGLabel.swift in Sources */,
				84BC6D8025091668000DA94A /* NicknameGeneratorU.xcdatamodeld in Sources */,
				84E34E65250A8FA800766737 /* SettingsView2.swift in Sources */,
				84BC6D7625091668000DA94A /* AppDelegate.swift in Sources */,
				84BC6D7825091668000DA94A /* SceneDelegate.swift in Sources */,
				84E34E522509D00500766737 /* SettingsView.swift in Sources */,
			);
			runOnlyForDeploymentPostprocessing = 0;
		};
/* End PBXSourcesBuildPhase section */

/* Begin PBXVariantGroup section */
		84BC6D7B25091668000DA94A /* Main.storyboard */ = {
			isa = PBXVariantGroup;
			children = (
				84BC6D7C25091668000DA94A /* Base */,
			);
			name = Main.storyboard;
			sourceTree = "<group>";
		};
		84BC6D8325091668000DA94A /* LaunchScreen.storyboard */ = {
			isa = PBXVariantGroup;
			children = (
				84BC6D8425091668000DA94A /* Base */,
			);
			name = LaunchScreen.storyboard;
			sourceTree = "<group>";
		};
/* End PBXVariantGroup section */

/* Begin XCBuildConfiguration section */
		84BC6D8725091668000DA94A /* Debug */ = {
			isa = XCBuildConfiguration;
			buildSettings = {
				ALWAYS_SEARCH_USER_PATHS = NO;
				CLANG_ANALYZER_NONNULL = YES;
				CLANG_ANALYZER_NUMBER_OBJECT_CONVERSION = YES_AGGRESSIVE;
				CLANG_CXX_LANGUAGE_STANDARD = "gnu++14";
				CLANG_CXX_LIBRARY = "libc++";
				CLANG_ENABLE_MODULES = YES;
				CLANG_ENABLE_OBJC_ARC = YES;
				CLANG_ENABLE_OBJC_WEAK = YES;
				CLANG_WARN_BLOCK_CAPTURE_AUTORELEASING = YES;
				CLANG_WARN_BOOL_CONVERSION = YES;
				CLANG_WARN_COMMA = YES;
				CLANG_WARN_CONSTANT_CONVERSION = YES;
				CLANG_WARN_DEPRECATED_OBJC_IMPLEMENTATIONS = YES;
				CLANG_WARN_DIRECT_OBJC_ISA_USAGE = YES_ERROR;
				CLANG_WARN_DOCUMENTATION_COMMENTS = YES;
				CLANG_WARN_EMPTY_BODY = YES;
				CLANG_WARN_ENUM_CONVERSION = YES;
				CLANG_WARN_INFINITE_RECURSION = YES;
				CLANG_WARN_INT_CONVERSION = YES;
				CLANG_WARN_NON_LITERAL_NULL_CONVERSION = YES;
				CLANG_WARN_OBJC_IMPLICIT_RETAIN_SELF = YES;
				CLANG_WARN_OBJC_LITERAL_CONVERSION = YES;
				CLANG_WARN_OBJC_ROOT_CLASS = YES_ERROR;
				CLANG_WARN_RANGE_LOOP_ANALYSIS = YES;
				CLANG_WARN_STRICT_PROTOTYPES = YES;
				CLANG_WARN_SUSPICIOUS_MOVE = YES;
				CLANG_WARN_UNGUARDED_AVAILABILITY = YES_AGGRESSIVE;
				CLANG_WARN_UNREACHABLE_CODE = YES;
				CLANG_WARN__DUPLICATE_METHOD_MATCH = YES;
				COPY_PHASE_STRIP = NO;
				DEBUG_INFORMATION_FORMAT = dwarf;
				ENABLE_STRICT_OBJC_MSGSEND = YES;
				ENABLE_TESTABILITY = YES;
				GCC_C_LANGUAGE_STANDARD = gnu11;
				GCC_DYNAMIC_NO_PIC = NO;
				GCC_NO_COMMON_BLOCKS = YES;
				GCC_OPTIMIZATION_LEVEL = 0;
				GCC_PREPROCESSOR_DEFINITIONS = (
					"DEBUG=1",
					"$(inherited)",
				);
				GCC_WARN_64_TO_32_BIT_CONVERSION = YES;
				GCC_WARN_ABOUT_RETURN_TYPE = YES_ERROR;
				GCC_WARN_UNDECLARED_SELECTOR = YES;
				GCC_WARN_UNINITIALIZED_AUTOS = YES_AGGRESSIVE;
				GCC_WARN_UNUSED_FUNCTION = YES;
				GCC_WARN_UNUSED_VARIABLE = YES;
				IPHONEOS_DEPLOYMENT_TARGET = 13.7;
				MTL_ENABLE_DEBUG_INFO = INCLUDE_SOURCE;
				MTL_FAST_MATH = YES;
				ONLY_ACTIVE_ARCH = YES;
				SDKROOT = iphoneos;
				SWIFT_ACTIVE_COMPILATION_CONDITIONS = DEBUG;
				SWIFT_OPTIMIZATION_LEVEL = "-Onone";
			};
			name = Debug;
		};
		84BC6D8825091668000DA94A /* Release */ = {
			isa = XCBuildConfiguration;
			buildSettings = {
				ALWAYS_SEARCH_USER_PATHS = NO;
				CLANG_ANALYZER_NONNULL = YES;
				CLANG_ANALYZER_NUMBER_OBJECT_CONVERSION = YES_AGGRESSIVE;
				CLANG_CXX_LANGUAGE_STANDARD = "gnu++14";
				CLANG_CXX_LIBRARY = "libc++";
				CLANG_ENABLE_MODULES = YES;
				CLANG_ENABLE_OBJC_ARC = YES;
				CLANG_ENABLE_OBJC_WEAK = YES;
				CLANG_WARN_BLOCK_CAPTURE_AUTORELEASING = YES;
				CLANG_WARN_BOOL_CONVERSION = YES;
				CLANG_WARN_COMMA = YES;
				CLANG_WARN_CONSTANT_CONVERSION = YES;
				CLANG_WARN_DEPRECATED_OBJC_IMPLEMENTATIONS = YES;
				CLANG_WARN_DIRECT_OBJC_ISA_USAGE = YES_ERROR;
				CLANG_WARN_DOCUMENTATION_COMMENTS = YES;
				CLANG_WARN_EMPTY_BODY = YES;
				CLANG_WARN_ENUM_CONVERSION = YES;
				CLANG_WARN_INFINITE_RECURSION = YES;
				CLANG_WARN_INT_CONVERSION = YES;
				CLANG_WARN_NON_LITERAL_NULL_CONVERSION = YES;
				CLANG_WARN_OBJC_IMPLICIT_RETAIN_SELF = YES;
				CLANG_WARN_OBJC_LITERAL_CONVERSION = YES;
				CLANG_WARN_OBJC_ROOT_CLASS = YES_ERROR;
				CLANG_WARN_RANGE_LOOP_ANALYSIS = YES;
				CLANG_WARN_STRICT_PROTOTYPES = YES;
				CLANG_WARN_SUSPICIOUS_MOVE = YES;
				CLANG_WARN_UNGUARDED_AVAILABILITY = YES_AGGRESSIVE;
				CLANG_WARN_UNREACHABLE_CODE = YES;
				CLANG_WARN__DUPLICATE_METHOD_MATCH = YES;
				COPY_PHASE_STRIP = NO;
				DEBUG_INFORMATION_FORMAT = "dwarf-with-dsym";
				ENABLE_NS_ASSERTIONS = NO;
				ENABLE_STRICT_OBJC_MSGSEND = YES;
				GCC_C_LANGUAGE_STANDARD = gnu11;
				GCC_NO_COMMON_BLOCKS = YES;
				GCC_WARN_64_TO_32_BIT_CONVERSION = YES;
				GCC_WARN_ABOUT_RETURN_TYPE = YES_ERROR;
				GCC_WARN_UNDECLARED_SELECTOR = YES;
				GCC_WARN_UNINITIALIZED_AUTOS = YES_AGGRESSIVE;
				GCC_WARN_UNUSED_FUNCTION = YES;
				GCC_WARN_UNUSED_VARIABLE = YES;
				IPHONEOS_DEPLOYMENT_TARGET = 13.7;
				MTL_ENABLE_DEBUG_INFO = NO;
				MTL_FAST_MATH = YES;
				SDKROOT = iphoneos;
				SWIFT_COMPILATION_MODE = wholemodule;
				SWIFT_OPTIMIZATION_LEVEL = "-O";
				VALIDATE_PRODUCT = YES;
			};
			name = Release;
		};
		84BC6D8A25091668000DA94A /* Debug */ = {
			isa = XCBuildConfiguration;
			buildSettings = {
				ASSETCATALOG_COMPILER_APPICON_NAME = AppIcon;
				CODE_SIGN_STYLE = Automatic;
				DEVELOPMENT_TEAM = 83DJ94RA72;
				INFOPLIST_FILE = NicknameGeneratorU/Info.plist;
				LD_RUNPATH_SEARCH_PATHS = (
					"$(inherited)",
					"@executable_path/Frameworks",
				);
				PRODUCT_BUNDLE_IDENTIFIER = batuhankarababa.NicknameGeneratorU;
				PRODUCT_NAME = "$(TARGET_NAME)";
				SWIFT_VERSION = 5.0;
				TARGETED_DEVICE_FAMILY = "1,2";
			};
			name = Debug;
		};
		84BC6D8B25091668000DA94A /* Release */ = {
			isa = XCBuildConfiguration;
			buildSettings = {
				ASSETCATALOG_COMPILER_APPICON_NAME = AppIcon;
				CODE_SIGN_STYLE = Automatic;
				DEVELOPMENT_TEAM = 83DJ94RA72;
				INFOPLIST_FILE = NicknameGeneratorU/Info.plist;
				LD_RUNPATH_SEARCH_PATHS = (
					"$(inherited)",
					"@executable_path/Frameworks",
				);
				PRODUCT_BUNDLE_IDENTIFIER = batuhankarababa.NicknameGeneratorU;
				PRODUCT_NAME = "$(TARGET_NAME)";
				SWIFT_VERSION = 5.0;
				TARGETED_DEVICE_FAMILY = "1,2";
			};
			name = Release;
		};
/* End XCBuildConfiguration section */

/* Begin XCConfigurationList section */
		84BC6D6D25091668000DA94A /* Build configuration list for PBXProject "NicknameGeneratorU" */ = {
			isa = XCConfigurationList;
			buildConfigurations = (
				84BC6D8725091668000DA94A /* Debug */,
				84BC6D8825091668000DA94A /* Release */,
			);
			defaultConfigurationIsVisible = 0;
			defaultConfigurationName = Release;
		};
		84BC6D8925091668000DA94A /* Build configuration list for PBXNativeTarget "NicknameGeneratorU" */ = {
			isa = XCConfigurationList;
			buildConfigurations = (
				84BC6D8A25091668000DA94A /* Debug */,
				84BC6D8B25091668000DA94A /* Release */,
			);
			defaultConfigurationIsVisible = 0;
			defaultConfigurationName = Release;
		};
/* End XCConfigurationList section */

/* Begin XCVersionGroup section */
		84BC6D7E25091668000DA94A /* NicknameGeneratorU.xcdatamodeld */ = {
			isa = XCVersionGroup;
			children = (
				84BC6D7F25091668000DA94A /* NicknameGeneratorU.xcdatamodel */,
			);
			currentVersion = 84BC6D7F25091668000DA94A /* NicknameGeneratorU.xcdatamodel */;
			path = NicknameGeneratorU.xcdatamodeld;
			sourceTree = "<group>";
			versionGroupType = wrapper.xcdatamodel;
		};
/* End XCVersionGroup section */
	};
	rootObject = 84BC6D6A25091668000DA94A /* Project object */;
}
